
Microsoft Visual Studio Solution File, Format Version 12.00
# Visual Studio Version 16
VisualStudioVersion = 16.0.33130.400
MinimumVisualStudioVersion = 10.0.40219.1
Project("{FAE04EC0-301F-11D3-BF4B-00C04F79EFBC}") = "gobang", "gobang\gobang.csproj", "{28F561A2-D70C-49C5-960C-BCA035D468F1}"
EndProject
Global
	GlobalSection(SolutionConfigurationPlatforms) = preSolution
		Debug|Any CPU = Debug|Any CPU
		Release|Any CPU = Release|Any CPU
	EndGlobalSection
	GlobalSection(ProjectConfigurationPlatforms) = postSolution
		{28F561A2-D70C-49C5-960C-BCA035D468F1}.Debug|Any CPU.ActiveCfg = Debug|Any CPU
		{28F561A2-D70C-49C5-960C-BCA035D468F1}.Debug|Any CPU.Build.0 = Debug|Any CPU
		{28F561A2-D70C-49C5-960C-BCA035D468F1}.Release|Any CPU.ActiveCfg = Release|Any CPU
		{28F561A2-D70C-49C5-960C-BCA035D468F1}.Release|Any CPU.Build.0 = Release|Any CPU
	EndGlobalSection
	GlobalSection(SolutionProperties) = preSolution
		HideSolutionNode = FALSE
	EndGlobalSection
	GlobalSection(ExtensibilityGlobals) = postSolution
		SolutionGuid = {DB8DF04C-6F92-46EC-BD53-C0AC627E5B66}
	EndGlobalSection
EndGlobal
